<Solution>
  <Folder Name="/src/">
    <Project Path="src/MediPoint.Api/MediPoint.Api.csproj" />
    <Project Path="src/MediPoint.Application/MediPoint.Application.csproj" />
    <Project Path="src/MediPoint.Domain/MediPoint.Domain.csproj" />
    <Project Path="src/MediPoint.Infrastructure/MediPoint.Infrastructure.csproj" />
  </Folder>
</Solution>
